# THIS IS AN AUTOGENERATED FILE. DO NOT EDIT THIS FILE DIRECTLY.
# yarn lockfile v1
blessed@^0.1.81:
  version "0.1.81"
  resolved "https://registry.yarnpkg.com/blessed/-/blessed-0.1.81.tgz#f962d687ec2c369570ae71af843256e6d0ca1129"

commander@^2.9.0:
  version "2.9.0"
  resolved "https://registry.yarnpkg.com/commander/-/commander-2.9.0.tgz#9c99094176e12240cb22d6c5146098400fe0f7d4"
  dependencies:
    graceful-readlink ">= 1.0.0"

debug@~2.2.0:
  version "2.2.0"
  resolved "https://registry.yarnpkg.com/debug/-/debug-2.2.0.tgz#f87057e995b1a1f6ae6a4960664137bc56f039da"
  dependencies:
    ms "0.7.1"

"graceful-readlink@>= 1.0.0":
  version "1.0.1"
  resolved "https://registry.yarnpkg.com/graceful-readlink/-/graceful-readlink-1.0.1.tgz#4cafad76bc62f02fa039b2f94e9a3dd3a391a725"

lodash@^4.0.0:
  version "4.16.4"
  resolved "https://registry.yarnpkg.com/lodash/-/lodash-4.16.4.tgz#01ce306b9bad1319f2a5528674f88297aeb70127"

ms@0.7.1:
  version "0.7.1"
  resolved "https://registry.yarnpkg.com/ms/-/ms-0.7.1.tgz#9cd13c03adbff25b65effde7ce864ee952017098"

node-rest-client@^2.0.1:
  version "2.0.1"
  resolved "https://registry.yarnpkg.com/node-rest-client/-/node-rest-client-2.0.1.tgz#7078f3f5cdf70e9472bf404001ebe4a46d1307d1"
  dependencies:
    debug "~2.2.0"
    xml2js ">=0.2.4"

sax@>=0.6.0:
  version "1.2.1"
  resolved "https://registry.yarnpkg.com/sax/-/sax-1.2.1.tgz#7b8e656190b228e81a66aea748480d828cd2d37a"

xml2js@>=0.2.4:
  version "0.4.17"
  resolved "https://registry.yarnpkg.com/xml2js/-/xml2js-0.4.17.tgz#17be93eaae3f3b779359c795b419705a8817e868"
  dependencies:
    sax ">=0.6.0"
    xmlbuilder "^4.1.0"

xmlbuilder@^4.1.0:
  version "4.2.1"
  resolved "https://registry.yarnpkg.com/xmlbuilder/-/xmlbuilder-4.2.1.tgz#aa58a3041a066f90eaa16c2f5389ff19f3f461a5"
  dependencies:
    lodash "^4.0.0"

